
Microsoft Visual Studio Solution File, Format Version 12.00
# Visual Studio Version 17
VisualStudioVersion = 17.1.32421.90
MinimumVisualStudioVersion = 10.0.40219.1
Project("{9A19103F-16F7-4668-BE54-9A1E7A4F7556}") = "RvmSharp", "RvmSharp\RvmSharp.csproj", "{BF0ECF01-2077-480F-844C-693B179728CD}"
EndProject
Project("{9A19103F-16F7-4668-BE54-9A1E7A4F7556}") = "RvmSharp.Exe", "RvmSharp.Exe\RvmSharp.Exe.csproj", "{601615C3-1DD2-4F1F-906D-9DEFDA760211}"
EndProject
Project("{9A19103F-16F7-4668-BE54-9A1E7A4F7556}") = "RvmSharp.Tests", "RvmSharp.Tests\RvmSharp.Tests.csproj", "{9A8F74BD-4842-4907-A393-76F0A9D599E3}"
EndProject
Project("{9A19103F-16F7-4668-BE54-9A1E7A4F7556}") = "CadRevealComposer", "CadRevealComposer\CadRevealComposer.csproj", "{8FA839BD-1FC8-4AFE-9DB6-E2B7FA59BF93}"
EndProject
Project("{9A19103F-16F7-4668-BE54-9A1E7A4F7556}") = "CadRevealComposer.Tests", "CadRevealComposer.Tests\CadRevealComposer.Tests.csproj", "{10E0729E-2D44-4865-A417-018D30CB8F20}"
EndProject
Project("{9A19103F-16F7-4668-BE54-9A1E7A4F7556}") = "CadRevealComposer.Exe", "CadRevealComposer.Exe\CadRevealComposer.Exe.csproj", "{82622167-F4E4-4224-AC14-E54E8EE8E2D7}"
EndProject
Project("{9A19103F-16F7-4668-BE54-9A1E7A4F7556}") = "HierarchyComposer", "HierarchyComposer\HierarchyComposer.csproj", "{7B4152D6-FCBF-421C-94D3-04EB448C57BF}"
EndProject
Project("{9A19103F-16F7-4668-BE54-9A1E7A4F7556}") = "HierarchyComposer.Tests", "HierarchyComposer.Tests\HierarchyComposer.Tests.csproj", "{61B80921-B758-4AC8-AE87-215818E5F903}"
EndProject
Project("{9A19103F-16F7-4668-BE54-9A1E7A4F7556}") = "CadRevealObjProvider", "CadRevealObjProvider\CadRevealObjProvider.csproj", "{89FE6D62-1B8D-493D-B77F-930F8EDD4696}"
EndProject
Project("{9A19103F-16F7-4668-BE54-9A1E7A4F7556}") = "CadRevealObjProvider.Tests", "CadRevealObjProvider.Tests\CadRevealObjProvider.Tests.csproj", "{D43D094C-F4C2-4E86-902E-F6400B492127}"
EndProject
Project("{9A19103F-16F7-4668-BE54-9A1E7A4F7556}") = "CadRevealRvmProvider", "CadRevealRvmProvider\CadRevealRvmProvider.csproj", "{539882B9-8650-45F0-9BC9-3E7E7D335285}"
EndProject
Project("{9A19103F-16F7-4668-BE54-9A1E7A4F7556}") = "CadRevealRvmProvider.Tests", "CadRevealRvmProvider.Tests\CadRevealRvmProvider.Tests.csproj", "{D4E1FCCE-C216-4797-9998-463547165C24}"
EndProject
Project("{FAE04EC0-301F-11D3-BF4B-00C04F79EFBC}") = "CadRevealFbxProvider", "CadRevealFbxProvider\CadRevealFbxProvider.csproj", "{EEC942C2-74A3-4488-88AE-6FB5466BD781}"
EndProject
Project("{FAE04EC0-301F-11D3-BF4B-00C04F79EFBC}") = "CadRevealFbxProvider.Tests", "CadRevealFbxProvider.Tests\CadRevealFbxProvider.Tests.csproj", "{5635131D-DC08-449D-8E48-5780C2EB9A4A}"
EndProject
Global
	GlobalSection(SolutionConfigurationPlatforms) = preSolution
		Debug|Any CPU = Debug|Any CPU
		Release|Any CPU = Release|Any CPU
	EndGlobalSection
	GlobalSection(ProjectConfigurationPlatforms) = postSolution
		{BF0ECF01-2077-480F-844C-693B179728CD}.Debug|Any CPU.ActiveCfg = Debug|Any CPU
		{BF0ECF01-2077-480F-844C-693B179728CD}.Debug|Any CPU.Build.0 = Debug|Any CPU
		{BF0ECF01-2077-480F-844C-693B179728CD}.Release|Any CPU.ActiveCfg = Release|Any CPU
		{BF0ECF01-2077-480F-844C-693B179728CD}.Release|Any CPU.Build.0 = Release|Any CPU
		{601615C3-1DD2-4F1F-906D-9DEFDA760211}.Debug|Any CPU.ActiveCfg = Debug|Any CPU
		{601615C3-1DD2-4F1F-906D-9DEFDA760211}.Debug|Any CPU.Build.0 = Debug|Any CPU
		{601615C3-1DD2-4F1F-906D-9DEFDA760211}.Release|Any CPU.ActiveCfg = Release|Any CPU
		{601615C3-1DD2-4F1F-906D-9DEFDA760211}.Release|Any CPU.Build.0 = Release|Any CPU
		{9A8F74BD-4842-4907-A393-76F0A9D599E3}.Debug|Any CPU.ActiveCfg = Debug|Any CPU
		{9A8F74BD-4842-4907-A393-76F0A9D599E3}.Debug|Any CPU.Build.0 = Debug|Any CPU
		{9A8F74BD-4842-4907-A393-76F0A9D599E3}.Release|Any CPU.ActiveCfg = Release|Any CPU
		{9A8F74BD-4842-4907-A393-76F0A9D599E3}.Release|Any CPU.Build.0 = Release|Any CPU
		{8FA839BD-1FC8-4AFE-9DB6-E2B7FA59BF93}.Debug|Any CPU.ActiveCfg = Debug|Any CPU
		{8FA839BD-1FC8-4AFE-9DB6-E2B7FA59BF93}.Debug|Any CPU.Build.0 = Debug|Any CPU
		{8FA839BD-1FC8-4AFE-9DB6-E2B7FA59BF93}.Release|Any CPU.ActiveCfg = Release|Any CPU
		{8FA839BD-1FC8-4AFE-9DB6-E2B7FA59BF93}.Release|Any CPU.Build.0 = Release|Any CPU
		{10E0729E-2D44-4865-A417-018D30CB8F20}.Debug|Any CPU.ActiveCfg = Debug|Any CPU
		{10E0729E-2D44-4865-A417-018D30CB8F20}.Debug|Any CPU.Build.0 = Debug|Any CPU
		{10E0729E-2D44-4865-A417-018D30CB8F20}.Release|Any CPU.ActiveCfg = Release|Any CPU
		{10E0729E-2D44-4865-A417-018D30CB8F20}.Release|Any CPU.Build.0 = Release|Any CPU
		{82622167-F4E4-4224-AC14-E54E8EE8E2D7}.Debug|Any CPU.ActiveCfg = Debug|Any CPU
		{82622167-F4E4-4224-AC14-E54E8EE8E2D7}.Debug|Any CPU.Build.0 = Debug|Any CPU
		{82622167-F4E4-4224-AC14-E54E8EE8E2D7}.Release|Any CPU.ActiveCfg = Release|Any CPU
		{82622167-F4E4-4224-AC14-E54E8EE8E2D7}.Release|Any CPU.Build.0 = Release|Any CPU
		{7B4152D6-FCBF-421C-94D3-04EB448C57BF}.Debug|Any CPU.ActiveCfg = Debug|Any CPU
		{7B4152D6-FCBF-421C-94D3-04EB448C57BF}.Debug|Any CPU.Build.0 = Debug|Any CPU
		{7B4152D6-FCBF-421C-94D3-04EB448C57BF}.Release|Any CPU.ActiveCfg = Release|Any CPU
		{7B4152D6-FCBF-421C-94D3-04EB448C57BF}.Release|Any CPU.Build.0 = Release|Any CPU
		{61B80921-B758-4AC8-AE87-215818E5F903}.Debug|Any CPU.ActiveCfg = Debug|Any CPU
		{61B80921-B758-4AC8-AE87-215818E5F903}.Debug|Any CPU.Build.0 = Debug|Any CPU
		{61B80921-B758-4AC8-AE87-215818E5F903}.Release|Any CPU.ActiveCfg = Release|Any CPU
		{61B80921-B758-4AC8-AE87-215818E5F903}.Release|Any CPU.Build.0 = Release|Any CPU
		{89FE6D62-1B8D-493D-B77F-930F8EDD4696}.Debug|Any CPU.ActiveCfg = Debug|Any CPU
		{89FE6D62-1B8D-493D-B77F-930F8EDD4696}.Debug|Any CPU.Build.0 = Debug|Any CPU
		{89FE6D62-1B8D-493D-B77F-930F8EDD4696}.Release|Any CPU.ActiveCfg = Release|Any CPU
		{89FE6D62-1B8D-493D-B77F-930F8EDD4696}.Release|Any CPU.Build.0 = Release|Any CPU
		{D43D094C-F4C2-4E86-902E-F6400B492127}.Debug|Any CPU.ActiveCfg = Debug|Any CPU
		{D43D094C-F4C2-4E86-902E-F6400B492127}.Debug|Any CPU.Build.0 = Debug|Any CPU
		{D43D094C-F4C2-4E86-902E-F6400B492127}.Release|Any CPU.ActiveCfg = Release|Any CPU
		{D43D094C-F4C2-4E86-902E-F6400B492127}.Release|Any CPU.Build.0 = Release|Any CPU
		{539882B9-8650-45F0-9BC9-3E7E7D335285}.Debug|Any CPU.ActiveCfg = Debug|Any CPU
		{539882B9-8650-45F0-9BC9-3E7E7D335285}.Debug|Any CPU.Build.0 = Debug|Any CPU
		{539882B9-8650-45F0-9BC9-3E7E7D335285}.Release|Any CPU.ActiveCfg = Release|Any CPU
		{539882B9-8650-45F0-9BC9-3E7E7D335285}.Release|Any CPU.Build.0 = Release|Any CPU
		{D4E1FCCE-C216-4797-9998-463547165C24}.Debug|Any CPU.ActiveCfg = Debug|Any CPU
		{D4E1FCCE-C216-4797-9998-463547165C24}.Debug|Any CPU.Build.0 = Debug|Any CPU
		{D4E1FCCE-C216-4797-9998-463547165C24}.Release|Any CPU.ActiveCfg = Release|Any CPU
		{D4E1FCCE-C216-4797-9998-463547165C24}.Release|Any CPU.Build.0 = Release|Any CPU
		{EEC942C2-74A3-4488-88AE-6FB5466BD781}.Debug|Any CPU.ActiveCfg = Debug|Any CPU
		{EEC942C2-74A3-4488-88AE-6FB5466BD781}.Debug|Any CPU.Build.0 = Debug|Any CPU
		{EEC942C2-74A3-4488-88AE-6FB5466BD781}.Release|Any CPU.ActiveCfg = Release|Any CPU
		{EEC942C2-74A3-4488-88AE-6FB5466BD781}.Release|Any CPU.Build.0 = Release|Any CPU
		{5635131D-DC08-449D-8E48-5780C2EB9A4A}.Debug|Any CPU.ActiveCfg = Debug|Any CPU
		{5635131D-DC08-449D-8E48-5780C2EB9A4A}.Debug|Any CPU.Build.0 = Debug|Any CPU
		{5635131D-DC08-449D-8E48-5780C2EB9A4A}.Release|Any CPU.ActiveCfg = Release|Any CPU
		{5635131D-DC08-449D-8E48-5780C2EB9A4A}.Release|Any CPU.Build.0 = Release|Any CPU
	EndGlobalSection
	GlobalSection(SolutionProperties) = preSolution
		HideSolutionNode = FALSE
	EndGlobalSection
	GlobalSection(ExtensibilityGlobals) = postSolution
		SolutionGuid = {6EA98526-3B9C-4FB8-BB8D-75FC8784BC0F}
	EndGlobalSection
EndGlobal
